
Microsoft Visual Studio Solution File, Format Version 12.00
# Visual Studio Version 17
VisualStudioVersion = 17.7.34221.43
MinimumVisualStudioVersion = 10.0.40219.1
Project("{FAE04EC0-301F-11D3-BF4B-00C04F79EFBC}") = "GA_CustomList_MeiliZheng", "GA_CustomList_MeiliZheng.csproj", "{40808F27-1A06-4EEB-B514-1601BB4340CC}"
EndProject
Global
	GlobalSection(SolutionConfigurationPlatforms) = preSolution
		Debug|Any CPU = Debug|Any CPU
		Release|Any CPU = Release|Any CPU
	EndGlobalSection
	GlobalSection(ProjectConfigurationPlatforms) = postSolution
		{40808F27-1A06-4EEB-B514-1601BB4340CC}.Debug|Any CPU.ActiveCfg = Debug|Any CPU
		{40808F27-1A06-4EEB-B514-1601BB4340CC}.Debug|Any CPU.Build.0 = Debug|Any CPU
		{40808F27-1A06-4EEB-B514-1601BB4340CC}.Release|Any CPU.ActiveCfg = Release|Any CPU
		{40808F27-1A06-4EEB-B514-1601BB4340CC}.Release|Any CPU.Build.0 = Release|Any CPU
	EndGlobalSection
	GlobalSection(SolutionProperties) = preSolution
		HideSolutionNode = FALSE
	EndGlobalSection
	GlobalSection(ExtensibilityGlobals) = postSolution
		SolutionGuid = {E685DA6F-6F70-4050-96F8-9A997BD7FA9B}
	EndGlobalSection
EndGlobal
